// !$*UTF8*$!
{
	archiveVersion = 1;
	classes = {
	};
	objectVersion = 46;
	objects = {

/* Begin PBXBuildFile section */
		24008B1E169775EA00C8AB03 /* DCTWebBrowser.m in Sources */ = {isa = PBXBuildFile; fileRef = 24008B1D169775EA00C8AB03 /* DCTWebBrowser.m */; };
		24008B3A169778E600C8AB03 /* DCTWebBrowser_iPhone.xib in Resources */ = {isa = PBXBuildFile; fileRef = 24008B39169778E600C8AB03 /* DCTWebBrowser_iPhone.xib */; };
		24008B4D16977BF100C8AB03 /* UIButtonBarArrowLeft.png in Resources */ = {isa = PBXBuildFile; fileRef = 24008B4516977BF100C8AB03 /* UIButtonBarArrowLeft.png */; };
		24008B4E16977BF100C8AB03 /* UIButtonBarArrowLeft@2x.png in Resources */ = {isa = PBXBuildFile; fileRef = 24008B4616977BF100C8AB03 /* UIButtonBarArrowLeft@2x.png */; };
		24008B4F16977BF100C8AB03 /* UIButtonBarArrowLeftLandscape.png in Resources */ = {isa = PBXBuildFile; fileRef = 24008B4716977BF100C8AB03 /* UIButtonBarArrowLeftLandscape.png */; };
		24008B5016977BF100C8AB03 /* UIButtonBarArrowLeftLandscape@2x.png in Resources */ = {isa = PBXBuildFile; fileRef = 24008B4816977BF100C8AB03 /* UIButtonBarArrowLeftLandscape@2x.png */; };
		24008B5116977BF100C8AB03 /* UIButtonBarArrowRight.png in Resources */ = {isa = PBXBuildFile; fileRef = 24008B4916977BF100C8AB03 /* UIButtonBarArrowRight.png */; };
		24008B5216977BF100C8AB03 /* UIButtonBarArrowRight@2x.png in Resources */ = {isa = PBXBuildFile; fileRef = 24008B4A16977BF100C8AB03 /* UIButtonBarArrowRight@2x.png */; };
		24008B5316977BF100C8AB03 /* UIButtonBarArrowRightLandscape.png in Resources */ = {isa = PBXBuildFile; fileRef = 24008B4B16977BF100C8AB03 /* UIButtonBarArrowRightLandscape.png */; };
		24008B5416977BF100C8AB03 /* UIButtonBarArrowRightLandscape@2x.png in Resources */ = {isa = PBXBuildFile; fileRef = 24008B4C16977BF100C8AB03 /* UIButtonBarArrowRightLandscape@2x.png */; };
		24008B6616977F0700C8AB03 /* main.m in Sources */ = {isa = PBXBuildFile; fileRef = 24008B6516977F0700C8AB03 /* main.m */; };
		24008B6A16977F0700C8AB03 /* AppDelegate.m in Sources */ = {isa = PBXBuildFile; fileRef = 24008B6916977F0700C8AB03 /* AppDelegate.m */; };
		24008BC81698385500C8AB03 /* EmbossedIcon@2x~ipad.png in Resources */ = {isa = PBXBuildFile; fileRef = 24008BC31698385400C8AB03 /* EmbossedIcon@2x~ipad.png */; };
		24008BC91698385500C8AB03 /* EmbossedIcon@2x~iphone.png in Resources */ = {isa = PBXBuildFile; fileRef = 24008BC41698385400C8AB03 /* EmbossedIcon@2x~iphone.png */; };
		24008BCA1698385500C8AB03 /* EmbossedIcon~ipad.png in Resources */ = {isa = PBXBuildFile; fileRef = 24008BC51698385500C8AB03 /* EmbossedIcon~ipad.png */; };
		24008BCB1698385500C8AB03 /* EmbossedIcon~iphone.png in Resources */ = {isa = PBXBuildFile; fileRef = 24008BC61698385500C8AB03 /* EmbossedIcon~iphone.png */; };
		24008BCC1698385500C8AB03 /* StandardError.html in Resources */ = {isa = PBXBuildFile; fileRef = 24008BC71698385500C8AB03 /* StandardError.html */; };
		240B500C169C539C003A55D7 /* ViewController.m in Sources */ = {isa = PBXBuildFile; fileRef = 240B500A169C539C003A55D7 /* ViewController.m */; };
		240B500D169C539C003A55D7 /* ViewController.xib in Resources */ = {isa = PBXBuildFile; fileRef = 240B500B169C539C003A55D7 /* ViewController.xib */; };
		24487996169B2390004AC9A1 /* DCTWebBrowser_iPad.xib in Resources */ = {isa = PBXBuildFile; fileRef = 24487995169B2390004AC9A1 /* DCTWebBrowser_iPad.xib */; };
		246E12F919A9421B00780D49 /* Images.xcassets in Resources */ = {isa = PBXBuildFile; fileRef = 246E12F819A9421B00780D49 /* Images.xcassets */; };
		246E132119A942CB00780D49 /* DCTWebBrowser.m in Sources */ = {isa = PBXBuildFile; fileRef = 24008B1D169775EA00C8AB03 /* DCTWebBrowser.m */; };
		246E132219A942CB00780D49 /* _DCTWebBrowserActivityController.m in Sources */ = {isa = PBXBuildFile; fileRef = 24B890E616987C1E00EF0D20 /* _DCTWebBrowserActivityController.m */; };
		246E132319A942D100780D49 /* DCTWebBrowser.h in Headers */ = {isa = PBXBuildFile; fileRef = 24008B1B169775EA00C8AB03 /* DCTWebBrowser.h */; settings = {ATTRIBUTES = (Public, ); }; };
		246E132419A942D100780D49 /* _DCTWebBrowserActivityController.h in Headers */ = {isa = PBXBuildFile; fileRef = 24B890E516987C1E00EF0D20 /* _DCTWebBrowserActivityController.h */; };
		246E132519A942E100780D49 /* UIButtonBarArrowLeft-iOS7.png in Resources */ = {isa = PBXBuildFile; fileRef = 2491B3691789ADD400D3913B /* UIButtonBarArrowLeft-iOS7.png */; };
		246E132619A942E100780D49 /* UIButtonBarArrowLeftLandscape-iOS7.png in Resources */ = {isa = PBXBuildFile; fileRef = 2491B36A1789ADD400D3913B /* UIButtonBarArrowLeftLandscape-iOS7.png */; };
		246E132719A942E100780D49 /* UIButtonBarArrowRight-iOS7.png in Resources */ = {isa = PBXBuildFile; fileRef = 2491B36B1789ADD400D3913B /* UIButtonBarArrowRight-iOS7.png */; };
		246E132819A942E100780D49 /* UIButtonBarArrowRightLandscape-iOS7.png in Resources */ = {isa = PBXBuildFile; fileRef = 2491B36C1789ADD400D3913B /* UIButtonBarArrowRightLandscape-iOS7.png */; };
		246E132919A942E100780D49 /* UIButtonBarArrowLeft@2x-iOS7.png in Resources */ = {isa = PBXBuildFile; fileRef = 24D2E5E317899E750043458E /* UIButtonBarArrowLeft@2x-iOS7.png */; };
		246E132A19A942E100780D49 /* UIButtonBarArrowLeftLandscape@2x-iOS7.png in Resources */ = {isa = PBXBuildFile; fileRef = 24D2E5E417899E750043458E /* UIButtonBarArrowLeftLandscape@2x-iOS7.png */; };
		246E132B19A942E100780D49 /* UIButtonBarArrowRight@2x-iOS7.png in Resources */ = {isa = PBXBuildFile; fileRef = 24D2E5E517899E750043458E /* UIButtonBarArrowRight@2x-iOS7.png */; };
		246E132C19A942E100780D49 /* UIButtonBarArrowRightLandscape@2x-iOS7.png in Resources */ = {isa = PBXBuildFile; fileRef = 24D2E5E617899E750043458E /* UIButtonBarArrowRightLandscape@2x-iOS7.png */; };
		246E132D19A942E100780D49 /* EmbossedIcon@2x~ipad.png in Resources */ = {isa = PBXBuildFile; fileRef = 24008BC31698385400C8AB03 /* EmbossedIcon@2x~ipad.png */; };
		246E132E19A942E100780D49 /* EmbossedIcon@2x~iphone.png in Resources */ = {isa = PBXBuildFile; fileRef = 24008BC41698385400C8AB03 /* EmbossedIcon@2x~iphone.png */; };
		246E132F19A942E100780D49 /* EmbossedIcon~ipad.png in Resources */ = {isa = PBXBuildFile; fileRef = 24008BC51698385500C8AB03 /* EmbossedIcon~ipad.png */; };
		246E133019A942E100780D49 /* EmbossedIcon~iphone.png in Resources */ = {isa = PBXBuildFile; fileRef = 24008BC61698385500C8AB03 /* EmbossedIcon~iphone.png */; };
		246E133119A942E100780D49 /* StandardError.html in Resources */ = {isa = PBXBuildFile; fileRef = 24008BC71698385500C8AB03 /* StandardError.html */; };
		246E133219A942E100780D49 /* UIButtonBarArrowLeft.png in Resources */ = {isa = PBXBuildFile; fileRef = 24008B4516977BF100C8AB03 /* UIButtonBarArrowLeft.png */; };
		246E133319A942E100780D49 /* UIButtonBarArrowLeft@2x.png in Resources */ = {isa = PBXBuildFile; fileRef = 24008B4616977BF100C8AB03 /* UIButtonBarArrowLeft@2x.png */; };
		246E133419A942E100780D49 /* UIButtonBarArrowLeftLandscape.png in Resources */ = {isa = PBXBuildFile; fileRef = 24008B4716977BF100C8AB03 /* UIButtonBarArrowLeftLandscape.png */; };
		246E133519A942E100780D49 /* UIButtonBarArrowLeftLandscape@2x.png in Resources */ = {isa = PBXBuildFile; fileRef = 24008B4816977BF100C8AB03 /* UIButtonBarArrowLeftLandscape@2x.png */; };
		246E133619A942E100780D49 /* UIButtonBarArrowRight.png in Resources */ = {isa = PBXBuildFile; fileRef = 24008B4916977BF100C8AB03 /* UIButtonBarArrowRight.png */; };
		246E133719A942E100780D49 /* UIButtonBarArrowRight@2x.png in Resources */ = {isa = PBXBuildFile; fileRef = 24008B4A16977BF100C8AB03 /* UIButtonBarArrowRight@2x.png */; };
		246E133819A942E100780D49 /* UIButtonBarArrowRightLandscape.png in Resources */ = {isa = PBXBuildFile; fileRef = 24008B4B16977BF100C8AB03 /* UIButtonBarArrowRightLandscape.png */; };
		246E133919A942E100780D49 /* UIButtonBarArrowRightLandscape@2x.png in Resources */ = {isa = PBXBuildFile; fileRef = 24008B4C16977BF100C8AB03 /* UIButtonBarArrowRightLandscape@2x.png */; };
		246E133A19A942E100780D49 /* DCTWebBrowser_iPhone.xib in Resources */ = {isa = PBXBuildFile; fileRef = 24008B39169778E600C8AB03 /* DCTWebBrowser_iPhone.xib */; };
		246E133B19A942E100780D49 /* DCTWebBrowser_iPad.xib in Resources */ = {isa = PBXBuildFile; fileRef = 24487995169B2390004AC9A1 /* DCTWebBrowser_iPad.xib */; };
		246E133C19A9431000780D49 /* DCTWebBrowser.framework in Frameworks */ = {isa = PBXBuildFile; fileRef = 246E12FF19A9427400780D49 /* DCTWebBrowser.framework */; };
		246E133D19A9431000780D49 /* DCTWebBrowser.framework in Embed Frameworks */ = {isa = PBXBuildFile; fileRef = 246E12FF19A9427400780D49 /* DCTWebBrowser.framework */; settings = {ATTRIBUTES = (CodeSignOnCopy, RemoveHeadersOnCopy, ); }; };
		2491B36D1789ADD400D3913B /* UIButtonBarArrowLeft-iOS7.png in Resources */ = {isa = PBXBuildFile; fileRef = 2491B3691789ADD400D3913B /* UIButtonBarArrowLeft-iOS7.png */; };
		2491B36E1789ADD400D3913B /* UIButtonBarArrowLeftLandscape-iOS7.png in Resources */ = {isa = PBXBuildFile; fileRef = 2491B36A1789ADD400D3913B /* UIButtonBarArrowLeftLandscape-iOS7.png */; };
		2491B36F1789ADD400D3913B /* UIButtonBarArrowRight-iOS7.png in Resources */ = {isa = PBXBuildFile; fileRef = 2491B36B1789ADD400D3913B /* UIButtonBarArrowRight-iOS7.png */; };
		2491B3701789ADD400D3913B /* UIButtonBarArrowRightLandscape-iOS7.png in Resources */ = {isa = PBXBuildFile; fileRef = 2491B36C1789ADD400D3913B /* UIButtonBarArrowRightLandscape-iOS7.png */; };
		249C35BE169B20DD005DF695 /* DCTWebBrowser.h in CopyFiles */ = {isa = PBXBuildFile; fileRef = 24008B1B169775EA00C8AB03 /* DCTWebBrowser.h */; };
		24B890E716987C1E00EF0D20 /* _DCTWebBrowserActivityController.m in Sources */ = {isa = PBXBuildFile; fileRef = 24B890E616987C1E00EF0D20 /* _DCTWebBrowserActivityController.m */; };
		24D2E5E717899E750043458E /* UIButtonBarArrowLeft@2x-iOS7.png in Resources */ = {isa = PBXBuildFile; fileRef = 24D2E5E317899E750043458E /* UIButtonBarArrowLeft@2x-iOS7.png */; };
		24D2E5E817899E750043458E /* UIButtonBarArrowLeftLandscape@2x-iOS7.png in Resources */ = {isa = PBXBuildFile; fileRef = 24D2E5E417899E750043458E /* UIButtonBarArrowLeftLandscape@2x-iOS7.png */; };
		24D2E5E917899E750043458E /* UIButtonBarArrowRight@2x-iOS7.png in Resources */ = {isa = PBXBuildFile; fileRef = 24D2E5E517899E750043458E /* UIButtonBarArrowRight@2x-iOS7.png */; };
		24D2E5EA17899E750043458E /* UIButtonBarArrowRightLandscape@2x-iOS7.png in Resources */ = {isa = PBXBuildFile; fileRef = 24D2E5E617899E750043458E /* UIButtonBarArrowRightLandscape@2x-iOS7.png */; };
		24E256C3169B2232001DC894 /* DCTWebBrowser.bundle in Resources */ = {isa = PBXBuildFile; fileRef = 24008B291697783E00C8AB03 /* DCTWebBrowser.bundle */; };
/* End PBXBuildFile section */

/* Begin PBXContainerItemProxy section */
		24008B36169778A100C8AB03 /* PBXContainerItemProxy */ = {
			isa = PBXContainerItemProxy;
			containerPortal = 24008B0A169775EA00C8AB03 /* Project object */;
			proxyType = 1;
			remoteGlobalIDString = 24008B281697783E00C8AB03;
			remoteInfo = DCTWebViewControllerBundle;
		};
		246E131119A9427500780D49 /* PBXContainerItemProxy */ = {
			isa = PBXContainerItemProxy;
			containerPortal = 24008B0A169775EA00C8AB03 /* Project object */;
			proxyType = 1;
			remoteGlobalIDString = 246E12FE19A9427400780D49;
			remoteInfo = "DCTWebBrowser iOS";
		};
		246E131519A9427500780D49 /* PBXContainerItemProxy */ = {
			isa = PBXContainerItemProxy;
			containerPortal = 24008B0A169775EA00C8AB03 /* Project object */;
			proxyType = 1;
			remoteGlobalIDString = 246E12FE19A9427400780D49;
			remoteInfo = "DCTWebBrowser iOS";
		};
		246E133E19A9431000780D49 /* PBXContainerItemProxy */ = {
			isa = PBXContainerItemProxy;
			containerPortal = 24008B0A169775EA00C8AB03 /* Project object */;
			proxyType = 1;
			remoteGlobalIDString = 246E12FE19A9427400780D49;
			remoteInfo = "DCTWebBrowser iOS";
		};
/* End PBXContainerItemProxy section */

/* Begin PBXCopyFilesBuildPhase section */
		24008B11169775EA00C8AB03 /* CopyFiles */ = {
			isa = PBXCopyFilesBuildPhase;
			buildActionMask = 2147483647;
			dstPath = "include/${PRODUCT_NAME}";
			dstSubfolderSpec = 16;
			files = (
				249C35BE169B20DD005DF695 /* DCTWebBrowser.h in CopyFiles */,
			);
			runOnlyForDeploymentPostprocessing = 0;
		};
		246E131A19A9427500780D49 /* Embed Frameworks */ = {
			isa = PBXCopyFilesBuildPhase;
			buildActionMask = 2147483647;
			dstPath = "";
			dstSubfolderSpec = 10;
			files = (
				246E133D19A9431000780D49 /* DCTWebBrowser.framework in Embed Frameworks */,
			);
			name = "Embed Frameworks";
			runOnlyForDeploymentPostprocessing = 0;
		};
/* End PBXCopyFilesBuildPhase section */

/* Begin PBXFileReference section */
		24008B13169775EA00C8AB03 /* libDCTWebBrowser.a */ = {isa = PBXFileReference; explicitFileType = archive.ar; includeInIndex = 0; path = libDCTWebBrowser.a; sourceTree = BUILT_PRODUCTS_DIR; };
		24008B1B169775EA00C8AB03 /* DCTWebBrowser.h */ = {isa = PBXFileReference; lastKnownFileType = sourcecode.c.h; path = DCTWebBrowser.h; sourceTree = "<group>"; };
		24008B1D169775EA00C8AB03 /* DCTWebBrowser.m */ = {isa = PBXFileReference; lastKnownFileType = sourcecode.c.objc; path = DCTWebBrowser.m; sourceTree = "<group>"; };
		24008B291697783E00C8AB03 /* DCTWebBrowser.bundle */ = {isa = PBXFileReference; explicitFileType = wrapper.cfbundle; includeInIndex = 0; path = DCTWebBrowser.bundle; sourceTree = BUILT_PRODUCTS_DIR; };
		24008B2E1697783E00C8AB03 /* Info.plist */ = {isa = PBXFileReference; lastKnownFileType = text.plist.xml; path = Info.plist; sourceTree = "<group>"; };
		24008B39169778E600C8AB03 /* DCTWebBrowser_iPhone.xib */ = {isa = PBXFileReference; fileEncoding = 4; lastKnownFileType = file.xib; path = DCTWebBrowser_iPhone.xib; sourceTree = "<group>"; };
		24008B4516977BF100C8AB03 /* UIButtonBarArrowLeft.png */ = {isa = PBXFileReference; lastKnownFileType = image.png; path = UIButtonBarArrowLeft.png; sourceTree = "<group>"; };
		24008B4616977BF100C8AB03 /* UIButtonBarArrowLeft@2x.png */ = {isa = PBXFileReference; lastKnownFileType = image.png; path = "UIButtonBarArrowLeft@2x.png"; sourceTree = "<group>"; };
		24008B4716977BF100C8AB03 /* UIButtonBarArrowLeftLandscape.png */ = {isa = PBXFileReference; lastKnownFileType = image.png; path = UIButtonBarArrowLeftLandscape.png; sourceTree = "<group>"; };
		24008B4816977BF100C8AB03 /* UIButtonBarArrowLeftLandscape@2x.png */ = {isa = PBXFileReference; lastKnownFileType = image.png; path = "UIButtonBarArrowLeftLandscape@2x.png"; sourceTree = "<group>"; };
		24008B4916977BF100C8AB03 /* UIButtonBarArrowRight.png */ = {isa = PBXFileReference; lastKnownFileType = image.png; path = UIButtonBarArrowRight.png; sourceTree = "<group>"; };
		24008B4A16977BF100C8AB03 /* UIButtonBarArrowRight@2x.png */ = {isa = PBXFileReference; lastKnownFileType = image.png; path = "UIButtonBarArrowRight@2x.png"; sourceTree = "<group>"; };
		24008B4B16977BF100C8AB03 /* UIButtonBarArrowRightLandscape.png */ = {isa = PBXFileReference; lastKnownFileType = image.png; path = UIButtonBarArrowRightLandscape.png; sourceTree = "<group>"; };
		24008B4C16977BF100C8AB03 /* UIButtonBarArrowRightLandscape@2x.png */ = {isa = PBXFileReference; lastKnownFileType = image.png; path = "UIButtonBarArrowRightLandscape@2x.png"; sourceTree = "<group>"; };
		24008B5916977F0700C8AB03 /* DCTWebBrowser Demo.app */ = {isa = PBXFileReference; explicitFileType = wrapper.application; includeInIndex = 0; path = "DCTWebBrowser Demo.app"; sourceTree = BUILT_PRODUCTS_DIR; };
		24008B6116977F0700C8AB03 /* Info.plist */ = {isa = PBXFileReference; lastKnownFileType = text.plist.xml; path = Info.plist; sourceTree = "<group>"; };
		24008B6516977F0700C8AB03 /* main.m */ = {isa = PBXFileReference; lastKnownFileType = sourcecode.c.objc; path = main.m; sourceTree = "<group>"; };
		24008B6816977F0700C8AB03 /* AppDelegate.h */ = {isa = PBXFileReference; lastKnownFileType = sourcecode.c.h; path = AppDelegate.h; sourceTree = "<group>"; };
		24008B6916977F0700C8AB03 /* AppDelegate.m */ = {isa = PBXFileReference; lastKnownFileType = sourcecode.c.objc; path = AppDelegate.m; sourceTree = "<group>"; };
		24008BC31698385400C8AB03 /* EmbossedIcon@2x~ipad.png */ = {isa = PBXFileReference; lastKnownFileType = image.png; path = "EmbossedIcon@2x~ipad.png"; sourceTree = "<group>"; };
		24008BC41698385400C8AB03 /* EmbossedIcon@2x~iphone.png */ = {isa = PBXFileReference; lastKnownFileType = image.png; path = "EmbossedIcon@2x~iphone.png"; sourceTree = "<group>"; };
		24008BC51698385500C8AB03 /* EmbossedIcon~ipad.png */ = {isa = PBXFileReference; lastKnownFileType = image.png; path = "EmbossedIcon~ipad.png"; sourceTree = "<group>"; };
		24008BC61698385500C8AB03 /* EmbossedIcon~iphone.png */ = {isa = PBXFileReference; lastKnownFileType = image.png; path = "EmbossedIcon~iphone.png"; sourceTree = "<group>"; };
		24008BC71698385500C8AB03 /* StandardError.html */ = {isa = PBXFileReference; fileEncoding = 4; lastKnownFileType = text.html; path = StandardError.html; sourceTree = "<group>"; };
		240B5009169C539C003A55D7 /* ViewController.h */ = {isa = PBXFileReference; fileEncoding = 4; lastKnownFileType = sourcecode.c.h; path = ViewController.h; sourceTree = "<group>"; };
		240B500A169C539C003A55D7 /* ViewController.m */ = {isa = PBXFileReference; fileEncoding = 4; lastKnownFileType = sourcecode.c.objc; path = ViewController.m; sourceTree = "<group>"; };
		240B500B169C539C003A55D7 /* ViewController.xib */ = {isa = PBXFileReference; fileEncoding = 4; lastKnownFileType = file.xib; path = ViewController.xib; sourceTree = "<group>"; };
		24487995169B2390004AC9A1 /* DCTWebBrowser_iPad.xib */ = {isa = PBXFileReference; fileEncoding = 4; lastKnownFileType = file.xib; path = DCTWebBrowser_iPad.xib; sourceTree = "<group>"; };
		246E12EF19A940A500780D49 /* Debug.xcconfig */ = {isa = PBXFileReference; lastKnownFileType = text.xcconfig; path = Debug.xcconfig; sourceTree = "<group>"; };
		246E12F019A940A500780D49 /* iOS Application.xcconfig */ = {isa = PBXFileReference; lastKnownFileType = text.xcconfig; path = "iOS Application.xcconfig"; sourceTree = "<group>"; };
		246E12F119A940A500780D49 /* iOS Bundle.xcconfig */ = {isa = PBXFileReference; lastKnownFileType = text.xcconfig; path = "iOS Bundle.xcconfig"; sourceTree = "<group>"; };
		246E12F219A940A500780D49 /* iOS Framework.xcconfig */ = {isa = PBXFileReference; lastKnownFileType = text.xcconfig; path = "iOS Framework.xcconfig"; sourceTree = "<group>"; };
		246E12F319A940A500780D49 /* iOS Static Library.xcconfig */ = {isa = PBXFileReference; lastKnownFileType = text.xcconfig; path = "iOS Static Library.xcconfig"; sourceTree = "<group>"; };
		246E12F419A940A500780D49 /* iOS Tests.xcconfig */ = {isa = PBXFileReference; lastKnownFileType = text.xcconfig; path = "iOS Tests.xcconfig"; sourceTree = "<group>"; };
		246E12F519A940A500780D49 /* OS X Framework.xcconfig */ = {isa = PBXFileReference; lastKnownFileType = text.xcconfig; path = "OS X Framework.xcconfig"; sourceTree = "<group>"; };
		246E12F619A940A500780D49 /* Release.xcconfig */ = {isa = PBXFileReference; lastKnownFileType = text.xcconfig; path = Release.xcconfig; sourceTree = "<group>"; };
		246E12F719A940A500780D49 /* Shared.xcconfig */ = {isa = PBXFileReference; lastKnownFileType = text.xcconfig; path = Shared.xcconfig; sourceTree = "<group>"; };
		246E12F819A9421B00780D49 /* Images.xcassets */ = {isa = PBXFileReference; lastKnownFileType = folder.assetcatalog; path = Images.xcassets; sourceTree = "<group>"; };
		246E12FF19A9427400780D49 /* DCTWebBrowser.framework */ = {isa = PBXFileReference; explicitFileType = wrapper.framework; includeInIndex = 0; path = DCTWebBrowser.framework; sourceTree = BUILT_PRODUCTS_DIR; };
		246E131E19A9428D00780D49 /* Info.plist */ = {isa = PBXFileReference; lastKnownFileType = text.plist.xml; path = Info.plist; sourceTree = "<group>"; };
		2491B3691789ADD400D3913B /* UIButtonBarArrowLeft-iOS7.png */ = {isa = PBXFileReference; lastKnownFileType = image.png; path = "UIButtonBarArrowLeft-iOS7.png"; sourceTree = "<group>"; };
		2491B36A1789ADD400D3913B /* UIButtonBarArrowLeftLandscape-iOS7.png */ = {isa = PBXFileReference; lastKnownFileType = image.png; path = "UIButtonBarArrowLeftLandscape-iOS7.png"; sourceTree = "<group>"; };
		2491B36B1789ADD400D3913B /* UIButtonBarArrowRight-iOS7.png */ = {isa = PBXFileReference; lastKnownFileType = image.png; path = "UIButtonBarArrowRight-iOS7.png"; sourceTree = "<group>"; };
		2491B36C1789ADD400D3913B /* UIButtonBarArrowRightLandscape-iOS7.png */ = {isa = PBXFileReference; lastKnownFileType = image.png; path = "UIButtonBarArrowRightLandscape-iOS7.png"; sourceTree = "<group>"; };
		24B890E516987C1E00EF0D20 /* _DCTWebBrowserActivityController.h */ = {isa = PBXFileReference; fileEncoding = 4; lastKnownFileType = sourcecode.c.h; path = _DCTWebBrowserActivityController.h; sourceTree = "<group>"; };
		24B890E616987C1E00EF0D20 /* _DCTWebBrowserActivityController.m */ = {isa = PBXFileReference; fileEncoding = 4; lastKnownFileType = sourcecode.c.objc; path = _DCTWebBrowserActivityController.m; sourceTree = "<group>"; };
		24D2E5E317899E750043458E /* UIButtonBarArrowLeft@2x-iOS7.png */ = {isa = PBXFileReference; lastKnownFileType = image.png; path = "UIButtonBarArrowLeft@2x-iOS7.png"; sourceTree = "<group>"; };
		24D2E5E417899E750043458E /* UIButtonBarArrowLeftLandscape@2x-iOS7.png */ = {isa = PBXFileReference; lastKnownFileType = image.png; path = "UIButtonBarArrowLeftLandscape@2x-iOS7.png"; sourceTree = "<group>"; };
		24D2E5E517899E750043458E /* UIButtonBarArrowRight@2x-iOS7.png */ = {isa = PBXFileReference; lastKnownFileType = image.png; path = "UIButtonBarArrowRight@2x-iOS7.png"; sourceTree = "<group>"; };
		24D2E5E617899E750043458E /* UIButtonBarArrowRightLandscape@2x-iOS7.png */ = {isa = PBXFileReference; lastKnownFileType = image.png; path = "UIButtonBarArrowRightLandscape@2x-iOS7.png"; sourceTree = "<group>"; };
/* End PBXFileReference section */

/* Begin PBXFrameworksBuildPhase section */
		24008B10169775EA00C8AB03 /* Frameworks */ = {
			isa = PBXFrameworksBuildPhase;
			buildActionMask = 2147483647;
			files = (
			);
			runOnlyForDeploymentPostprocessing = 0;
		};
		24008B261697783E00C8AB03 /* Frameworks */ = {
			isa = PBXFrameworksBuildPhase;
			buildActionMask = 2147483647;
			files = (
			);
			runOnlyForDeploymentPostprocessing = 0;
		};
		24008B5616977F0700C8AB03 /* Frameworks */ = {
			isa = PBXFrameworksBuildPhase;
			buildActionMask = 2147483647;
			files = (
				246E133C19A9431000780D49 /* DCTWebBrowser.framework in Frameworks */,
			);
			runOnlyForDeploymentPostprocessing = 0;
		};
		246E12FB19A9427400780D49 /* Frameworks */ = {
			isa = PBXFrameworksBuildPhase;
			buildActionMask = 2147483647;
			files = (
			);
			runOnlyForDeploymentPostprocessing = 0;
		};
/* End PBXFrameworksBuildPhase section */

/* Begin PBXGroup section */
		24008B08169775EA00C8AB03 = {
			isa = PBXGroup;
			children = (
				24008B18169775EA00C8AB03 /* DCTWebBrowser */,
				24008B2C1697783E00C8AB03 /* DCTWebBrowser Bundle */,
				24008B5F16977F0700C8AB03 /* DCTWebBrowser Demo */,
				246E12EE19A940A500780D49 /* Configurations */,
				24008B14169775EA00C8AB03 /* Products */,
			);
			sourceTree = "<group>";
		};
		24008B14169775EA00C8AB03 /* Products */ = {
			isa = PBXGroup;
			children = (
				24008B13169775EA00C8AB03 /* libDCTWebBrowser.a */,
				24008B291697783E00C8AB03 /* DCTWebBrowser.bundle */,
				24008B5916977F0700C8AB03 /* DCTWebBrowser Demo.app */,
				246E12FF19A9427400780D49 /* DCTWebBrowser.framework */,
			);
			name = Products;
			sourceTree = "<group>";
		};
		24008B18169775EA00C8AB03 /* DCTWebBrowser */ = {
			isa = PBXGroup;
			children = (
				24008B1B169775EA00C8AB03 /* DCTWebBrowser.h */,
				24008B1D169775EA00C8AB03 /* DCTWebBrowser.m */,
				24B890E516987C1E00EF0D20 /* _DCTWebBrowserActivityController.h */,
				24B890E616987C1E00EF0D20 /* _DCTWebBrowserActivityController.m */,
				246E131E19A9428D00780D49 /* Info.plist */,
			);
			path = DCTWebBrowser;
			sourceTree = "<group>";
		};
		24008B2C1697783E00C8AB03 /* DCTWebBrowser Bundle */ = {
			isa = PBXGroup;
			children = (
				2491B3691789ADD400D3913B /* UIButtonBarArrowLeft-iOS7.png */,
				2491B36A1789ADD400D3913B /* UIButtonBarArrowLeftLandscape-iOS7.png */,
				2491B36B1789ADD400D3913B /* UIButtonBarArrowRight-iOS7.png */,
				2491B36C1789ADD400D3913B /* UIButtonBarArrowRightLandscape-iOS7.png */,
				24D2E5E317899E750043458E /* UIButtonBarArrowLeft@2x-iOS7.png */,
				24D2E5E417899E750043458E /* UIButtonBarArrowLeftLandscape@2x-iOS7.png */,
				24D2E5E517899E750043458E /* UIButtonBarArrowRight@2x-iOS7.png */,
				24D2E5E617899E750043458E /* UIButtonBarArrowRightLandscape@2x-iOS7.png */,
				24008BC31698385400C8AB03 /* EmbossedIcon@2x~ipad.png */,
				24008BC41698385400C8AB03 /* EmbossedIcon@2x~iphone.png */,
				24008BC51698385500C8AB03 /* EmbossedIcon~ipad.png */,
				24008BC61698385500C8AB03 /* EmbossedIcon~iphone.png */,
				24008BC71698385500C8AB03 /* StandardError.html */,
				24008B4516977BF100C8AB03 /* UIButtonBarArrowLeft.png */,
				24008B4616977BF100C8AB03 /* UIButtonBarArrowLeft@2x.png */,
				24008B4716977BF100C8AB03 /* UIButtonBarArrowLeftLandscape.png */,
				24008B4816977BF100C8AB03 /* UIButtonBarArrowLeftLandscape@2x.png */,
				24008B4916977BF100C8AB03 /* UIButtonBarArrowRight.png */,
				24008B4A16977BF100C8AB03 /* UIButtonBarArrowRight@2x.png */,
				24008B4B16977BF100C8AB03 /* UIButtonBarArrowRightLandscape.png */,
				24008B4C16977BF100C8AB03 /* UIButtonBarArrowRightLandscape@2x.png */,
				24008B39169778E600C8AB03 /* DCTWebBrowser_iPhone.xib */,
				24487995169B2390004AC9A1 /* DCTWebBrowser_iPad.xib */,
				24008B2E1697783E00C8AB03 /* Info.plist */,
			);
			path = "DCTWebBrowser Bundle";
			sourceTree = "<group>";
		};
		24008B5F16977F0700C8AB03 /* DCTWebBrowser Demo */ = {
			isa = PBXGroup;
			children = (
				24008B6816977F0700C8AB03 /* AppDelegate.h */,
				24008B6916977F0700C8AB03 /* AppDelegate.m */,
				240B5009169C539C003A55D7 /* ViewController.h */,
				240B500A169C539C003A55D7 /* ViewController.m */,
				240B500B169C539C003A55D7 /* ViewController.xib */,
				24008B6116977F0700C8AB03 /* Info.plist */,
				246E12F819A9421B00780D49 /* Images.xcassets */,
				24008B6516977F0700C8AB03 /* main.m */,
			);
			path = "DCTWebBrowser Demo";
			sourceTree = "<group>";
		};
		246E12EE19A940A500780D49 /* Configurations */ = {
			isa = PBXGroup;
			children = (
				246E12EF19A940A500780D49 /* Debug.xcconfig */,
				246E12F019A940A500780D49 /* iOS Application.xcconfig */,
				246E12F119A940A500780D49 /* iOS Bundle.xcconfig */,
				246E12F219A940A500780D49 /* iOS Framework.xcconfig */,
				246E12F319A940A500780D49 /* iOS Static Library.xcconfig */,
				246E12F419A940A500780D49 /* iOS Tests.xcconfig */,
				246E12F519A940A500780D49 /* OS X Framework.xcconfig */,
				246E12F619A940A500780D49 /* Release.xcconfig */,
				246E12F719A940A500780D49 /* Shared.xcconfig */,
			);
			path = Configurations;
			sourceTree = "<group>";
		};
/* End PBXGroup section */

/* Begin PBXHeadersBuildPhase section */
		246E12FC19A9427400780D49 /* Headers */ = {
			isa = PBXHeadersBuildPhase;
			buildActionMask = 2147483647;
			files = (
				246E132319A942D100780D49 /* DCTWebBrowser.h in Headers */,
				246E132419A942D100780D49 /* _DCTWebBrowserActivityController.h in Headers */,
			);
			runOnlyForDeploymentPostprocessing = 0;
		};
/* End PBXHeadersBuildPhase section */

/* Begin PBXNativeTarget section */
		24008B12169775EA00C8AB03 /* DCTWebBrowser */ = {
			isa = PBXNativeTarget;
			buildConfigurationList = 24008B21169775EA00C8AB03 /* Build configuration list for PBXNativeTarget "DCTWebBrowser" */;
			buildPhases = (
				24008B0F169775EA00C8AB03 /* Sources */,
				24008B10169775EA00C8AB03 /* Frameworks */,
				24008B11169775EA00C8AB03 /* CopyFiles */,
			);
			buildRules = (
			);
			dependencies = (
				24008B37169778A100C8AB03 /* PBXTargetDependency */,
			);
			name = DCTWebBrowser;
			productName = DCTWebViewController;
			productReference = 24008B13169775EA00C8AB03 /* libDCTWebBrowser.a */;
			productType = "com.apple.product-type.library.static";
		};
		24008B281697783E00C8AB03 /* DCTWebBrowser Bundle */ = {
			isa = PBXNativeTarget;
			buildConfigurationList = 24008B331697783E00C8AB03 /* Build configuration list for PBXNativeTarget "DCTWebBrowser Bundle" */;
			buildPhases = (
				24008B251697783E00C8AB03 /* Sources */,
				24008B261697783E00C8AB03 /* Frameworks */,
				24008B271697783E00C8AB03 /* Resources */,
			);
			buildRules = (
			);
			dependencies = (
			);
			name = "DCTWebBrowser Bundle";
			productName = DCTWebViewControllerBundle;
			productReference = 24008B291697783E00C8AB03 /* DCTWebBrowser.bundle */;
			productType = "com.apple.product-type.bundle";
		};
		24008B5816977F0700C8AB03 /* DCTWebBrowser Demo */ = {
			isa = PBXNativeTarget;
			buildConfigurationList = 24008B7116977F0700C8AB03 /* Build configuration list for PBXNativeTarget "DCTWebBrowser Demo" */;
			buildPhases = (
				24008B5516977F0700C8AB03 /* Sources */,
				24008B5616977F0700C8AB03 /* Frameworks */,
				24008B5716977F0700C8AB03 /* Resources */,
				246E131A19A9427500780D49 /* Embed Frameworks */,
			);
			buildRules = (
			);
			dependencies = (
				246E131219A9427500780D49 /* PBXTargetDependency */,
				246E131619A9427500780D49 /* PBXTargetDependency */,
				246E133F19A9431000780D49 /* PBXTargetDependency */,
			);
			name = "DCTWebBrowser Demo";
			productName = DCTWebViewControllerDemo;
			productReference = 24008B5916977F0700C8AB03 /* DCTWebBrowser Demo.app */;
			productType = "com.apple.product-type.application";
		};
		246E12FE19A9427400780D49 /* DCTWebBrowser iOS */ = {
			isa = PBXNativeTarget;
			buildConfigurationList = 246E131719A9427500780D49 /* Build configuration list for PBXNativeTarget "DCTWebBrowser iOS" */;
			buildPhases = (
				246E12FA19A9427400780D49 /* Sources */,
				246E12FB19A9427400780D49 /* Frameworks */,
				246E12FC19A9427400780D49 /* Headers */,
				246E12FD19A9427400780D49 /* Resources */,
			);
			buildRules = (
			);
			dependencies = (
			);
			name = "DCTWebBrowser iOS";
			productName = "DCTWebBrowser iOS";
			productReference = 246E12FF19A9427400780D49 /* DCTWebBrowser.framework */;
			productType = "com.apple.product-type.framework";
		};
/* End PBXNativeTarget section */

/* Begin PBXProject section */
		24008B0A169775EA00C8AB03 /* Project object */ = {
			isa = PBXProject;
			attributes = {
				LastUpgradeCheck = 0610;
				ORGANIZATIONNAME = "Daniel Tull";
				TargetAttributes = {
					246E12FE19A9427400780D49 = {
						CreatedOnToolsVersion = 6.0;
					};
				};
			};
			buildConfigurationList = 24008B0D169775EA00C8AB03 /* Build configuration list for PBXProject "DCTWebBrowser" */;
			compatibilityVersion = "Xcode 3.2";
			developmentRegion = English;
			hasScannedForEncodings = 0;
			knownRegions = (
				en,
			);
			mainGroup = 24008B08169775EA00C8AB03;
			productRefGroup = 24008B14169775EA00C8AB03 /* Products */;
			projectDirPath = "";
			projectRoot = "";
			targets = (
				24008B12169775EA00C8AB03 /* DCTWebBrowser */,
				246E12FE19A9427400780D49 /* DCTWebBrowser iOS */,
				24008B281697783E00C8AB03 /* DCTWebBrowser Bundle */,
				24008B5816977F0700C8AB03 /* DCTWebBrowser Demo */,
			);
		};
/* End PBXProject section */

/* Begin PBXResourcesBuildPhase section */
		24008B271697783E00C8AB03 /* Resources */ = {
			isa = PBXResourcesBuildPhase;
			buildActionMask = 2147483647;
			files = (
				24008B3A169778E600C8AB03 /* DCTWebBrowser_iPhone.xib in Resources */,
				24008B4D16977BF100C8AB03 /* UIButtonBarArrowLeft.png in Resources */,
				24008B4E16977BF100C8AB03 /* UIButtonBarArrowLeft@2x.png in Resources */,
				24008B4F16977BF100C8AB03 /* UIButtonBarArrowLeftLandscape.png in Resources */,
				2491B36F1789ADD400D3913B /* UIButtonBarArrowRight-iOS7.png in Resources */,
				2491B36D1789ADD400D3913B /* UIButtonBarArrowLeft-iOS7.png in Resources */,
				24008B5016977BF100C8AB03 /* UIButtonBarArrowLeftLandscape@2x.png in Resources */,
				24008B5116977BF100C8AB03 /* UIButtonBarArrowRight.png in Resources */,
				24008B5216977BF100C8AB03 /* UIButtonBarArrowRight@2x.png in Resources */,
				24008B5316977BF100C8AB03 /* UIButtonBarArrowRightLandscape.png in Resources */,
				24D2E5E717899E750043458E /* UIButtonBarArrowLeft@2x-iOS7.png in Resources */,
				24D2E5E917899E750043458E /* UIButtonBarArrowRight@2x-iOS7.png in Resources */,
				24008B5416977BF100C8AB03 /* UIButtonBarArrowRightLandscape@2x.png in Resources */,
				24008BC81698385500C8AB03 /* EmbossedIcon@2x~ipad.png in Resources */,
				24008BC91698385500C8AB03 /* EmbossedIcon@2x~iphone.png in Resources */,
				24008BCA1698385500C8AB03 /* EmbossedIcon~ipad.png in Resources */,
				24D2E5E817899E750043458E /* UIButtonBarArrowLeftLandscape@2x-iOS7.png in Resources */,
				2491B3701789ADD400D3913B /* UIButtonBarArrowRightLandscape-iOS7.png in Resources */,
				24008BCB1698385500C8AB03 /* EmbossedIcon~iphone.png in Resources */,
				24008BCC1698385500C8AB03 /* StandardError.html in Resources */,
				24487996169B2390004AC9A1 /* DCTWebBrowser_iPad.xib in Resources */,
				2491B36E1789ADD400D3913B /* UIButtonBarArrowLeftLandscape-iOS7.png in Resources */,
				24D2E5EA17899E750043458E /* UIButtonBarArrowRightLandscape@2x-iOS7.png in Resources */,
			);
			runOnlyForDeploymentPostprocessing = 0;
		};
		24008B5716977F0700C8AB03 /* Resources */ = {
			isa = PBXResourcesBuildPhase;
			buildActionMask = 2147483647;
			files = (
				246E12F919A9421B00780D49 /* Images.xcassets in Resources */,
				24E256C3169B2232001DC894 /* DCTWebBrowser.bundle in Resources */,
				240B500D169C539C003A55D7 /* ViewController.xib in Resources */,
			);
			runOnlyForDeploymentPostprocessing = 0;
		};
		246E12FD19A9427400780D49 /* Resources */ = {
			isa = PBXResourcesBuildPhase;
			buildActionMask = 2147483647;
			files = (
				246E132519A942E100780D49 /* UIButtonBarArrowLeft-iOS7.png in Resources */,
				246E132619A942E100780D49 /* UIButtonBarArrowLeftLandscape-iOS7.png in Resources */,
				246E132719A942E100780D49 /* UIButtonBarArrowRight-iOS7.png in Resources */,
				246E132819A942E100780D49 /* UIButtonBarArrowRightLandscape-iOS7.png in Resources */,
				246E132919A942E100780D49 /* UIButtonBarArrowLeft@2x-iOS7.png in Resources */,
				246E132A19A942E100780D49 /* UIButtonBarArrowLeftLandscape@2x-iOS7.png in Resources */,
				246E132B19A942E100780D49 /* UIButtonBarArrowRight@2x-iOS7.png in Resources */,
				246E132C19A942E100780D49 /* UIButtonBarArrowRightLandscape@2x-iOS7.png in Resources */,
				246E132D19A942E100780D49 /* EmbossedIcon@2x~ipad.png in Resources */,
				246E132E19A942E100780D49 /* EmbossedIcon@2x~iphone.png in Resources */,
				246E132F19A942E100780D49 /* EmbossedIcon~ipad.png in Resources */,
				246E133019A942E100780D49 /* EmbossedIcon~iphone.png in Resources */,
				246E133119A942E100780D49 /* StandardError.html in Resources */,
				246E133219A942E100780D49 /* UIButtonBarArrowLeft.png in Resources */,
				246E133319A942E100780D49 /* UIButtonBarArrowLeft@2x.png in Resources */,
				246E133419A942E100780D49 /* UIButtonBarArrowLeftLandscape.png in Resources */,
				246E133519A942E100780D49 /* UIButtonBarArrowLeftLandscape@2x.png in Resources */,
				246E133619A942E100780D49 /* UIButtonBarArrowRight.png in Resources */,
				246E133719A942E100780D49 /* UIButtonBarArrowRight@2x.png in Resources */,
				246E133819A942E100780D49 /* UIButtonBarArrowRightLandscape.png in Resources */,
				246E133919A942E100780D49 /* UIButtonBarArrowRightLandscape@2x.png in Resources */,
				246E133A19A942E100780D49 /* DCTWebBrowser_iPhone.xib in Resources */,
				246E133B19A942E100780D49 /* DCTWebBrowser_iPad.xib in Resources */,
			);
			runOnlyForDeploymentPostprocessing = 0;
		};
/* End PBXResourcesBuildPhase section */

/* Begin PBXSourcesBuildPhase section */
		24008B0F169775EA00C8AB03 /* Sources */ = {
			isa = PBXSourcesBuildPhase;
			buildActionMask = 2147483647;
			files = (
				24008B1E169775EA00C8AB03 /* DCTWebBrowser.m in Sources */,
				24B890E716987C1E00EF0D20 /* _DCTWebBrowserActivityController.m in Sources */,
			);
			runOnlyForDeploymentPostprocessing = 0;
		};
		24008B251697783E00C8AB03 /* Sources */ = {
			isa = PBXSourcesBuildPhase;
			buildActionMask = 2147483647;
			files = (
			);
			runOnlyForDeploymentPostprocessing = 0;
		};
		24008B5516977F0700C8AB03 /* Sources */ = {
			isa = PBXSourcesBuildPhase;
			buildActionMask = 2147483647;
			files = (
				24008B6616977F0700C8AB03 /* main.m in Sources */,
				24008B6A16977F0700C8AB03 /* AppDelegate.m in Sources */,
				240B500C169C539C003A55D7 /* ViewController.m in Sources */,
			);
			runOnlyForDeploymentPostprocessing = 0;
		};
		246E12FA19A9427400780D49 /* Sources */ = {
			isa = PBXSourcesBuildPhase;
			buildActionMask = 2147483647;
			files = (
				246E132119A942CB00780D49 /* DCTWebBrowser.m in Sources */,
				246E132219A942CB00780D49 /* _DCTWebBrowserActivityController.m in Sources */,
			);
			runOnlyForDeploymentPostprocessing = 0;
		};
/* End PBXSourcesBuildPhase section */

/* Begin PBXTargetDependency section */
		24008B37169778A100C8AB03 /* PBXTargetDependency */ = {
			isa = PBXTargetDependency;
			target = 24008B281697783E00C8AB03 /* DCTWebBrowser Bundle */;
			targetProxy = 24008B36169778A100C8AB03 /* PBXContainerItemProxy */;
		};
		246E131219A9427500780D49 /* PBXTargetDependency */ = {
			isa = PBXTargetDependency;
			target = 246E12FE19A9427400780D49 /* DCTWebBrowser iOS */;
			targetProxy = 246E131119A9427500780D49 /* PBXContainerItemProxy */;
		};
		246E131619A9427500780D49 /* PBXTargetDependency */ = {
			isa = PBXTargetDependency;
			target = 246E12FE19A9427400780D49 /* DCTWebBrowser iOS */;
			targetProxy = 246E131519A9427500780D49 /* PBXContainerItemProxy */;
		};
		246E133F19A9431000780D49 /* PBXTargetDependency */ = {
			isa = PBXTargetDependency;
			target = 246E12FE19A9427400780D49 /* DCTWebBrowser iOS */;
			targetProxy = 246E133E19A9431000780D49 /* PBXContainerItemProxy */;
		};
/* End PBXTargetDependency section */

/* Begin XCBuildConfiguration section */
		24008B1F169775EA00C8AB03 /* Debug */ = {
			isa = XCBuildConfiguration;
			baseConfigurationReference = 246E12EF19A940A500780D49 /* Debug.xcconfig */;
			buildSettings = {
				ONLY_ACTIVE_ARCH = YES;
			};
			name = Debug;
		};
		24008B20169775EA00C8AB03 /* Release */ = {
			isa = XCBuildConfiguration;
			baseConfigurationReference = 246E12F619A940A500780D49 /* Release.xcconfig */;
			buildSettings = {
			};
			name = Release;
		};
		24008B22169775EA00C8AB03 /* Debug */ = {
			isa = XCBuildConfiguration;
			baseConfigurationReference = 246E12F319A940A500780D49 /* iOS Static Library.xcconfig */;
			buildSettings = {
			};
			name = Debug;
		};
		24008B23169775EA00C8AB03 /* Release */ = {
			isa = XCBuildConfiguration;
			baseConfigurationReference = 246E12F319A940A500780D49 /* iOS Static Library.xcconfig */;
			buildSettings = {
			};
			name = Release;
		};
		24008B341697783E00C8AB03 /* Debug */ = {
			isa = XCBuildConfiguration;
			baseConfigurationReference = 246E12F119A940A500780D49 /* iOS Bundle.xcconfig */;
			buildSettings = {
				PRODUCT_NAME = DCTWebBrowser;
			};
			name = Debug;
		};
		24008B351697783E00C8AB03 /* Release */ = {
			isa = XCBuildConfiguration;
			baseConfigurationReference = 246E12F119A940A500780D49 /* iOS Bundle.xcconfig */;
			buildSettings = {
				PRODUCT_NAME = DCTWebBrowser;
			};
			name = Release;
		};
		24008B7216977F0700C8AB03 /* Debug */ = {
			isa = XCBuildConfiguration;
			baseConfigurationReference = 246E12F019A940A500780D49 /* iOS Application.xcconfig */;
			buildSettings = {
				IPHONEOS_DEPLOYMENT_TARGET = 8.0;
				LD_RUNPATH_SEARCH_PATHS = "$(inherited) @executable_path/Frameworks";
			};
			name = Debug;
		};
		24008B7316977F0700C8AB03 /* Release */ = {
			isa = XCBuildConfiguration;
			baseConfigurationReference = 246E12F019A940A500780D49 /* iOS Application.xcconfig */;
			buildSettings = {
				IPHONEOS_DEPLOYMENT_TARGET = 8.0;
				LD_RUNPATH_SEARCH_PATHS = "$(inherited) @executable_path/Frameworks";
			};
			name = Release;
		};
		246E131819A9427500780D49 /* Debug */ = {
			isa = XCBuildConfiguration;
			baseConfigurationReference = 246E12F219A940A500780D49 /* iOS Framework.xcconfig */;
			buildSettings = {
				CURRENT_PROJECT_VERSION = 1;
				DYLIB_COMPATIBILITY_VERSION = 1;
				DYLIB_CURRENT_VERSION = 1;
				IPHONEOS_DEPLOYMENT_TARGET = 8.0;
				PRODUCT_NAME = DCTWebBrowser;
			};
			name = Debug;
		};
		246E131919A9427500780D49 /* Release */ = {
			isa = XCBuildConfiguration;
			baseConfigurationReference = 246E12F219A940A500780D49 /* iOS Framework.xcconfig */;
			buildSettings = {
				CURRENT_PROJECT_VERSION = 1;
				DYLIB_COMPATIBILITY_VERSION = 1;
				DYLIB_CURRENT_VERSION = 1;
				IPHONEOS_DEPLOYMENT_TARGET = 8.0;
				PRODUCT_NAME = DCTWebBrowser;
			};
			name = Release;
		};
/* End XCBuildConfiguration section */

/* Begin XCConfigurationList section */
		24008B0D169775EA00C8AB03 /* Build configuration list for PBXProject "DCTWebBrowser" */ = {
			isa = XCConfigurationList;
			buildConfigurations = (
				24008B1F169775EA00C8AB03 /* Debug */,
				24008B20169775EA00C8AB03 /* Release */,
			);
			defaultConfigurationIsVisible = 0;
			defaultConfigurationName = Release;
		};
		24008B21169775EA00C8AB03 /* Build configuration list for PBXNativeTarget "DCTWebBrowser" */ = {
			isa = XCConfigurationList;
			buildConfigurations = (
				24008B22169775EA00C8AB03 /* Debug */,
				24008B23169775EA00C8AB03 /* Release */,
			);
			defaultConfigurationIsVisible = 0;
			defaultConfigurationName = Release;
		};
		24008B331697783E00C8AB03 /* Build configuration list for PBXNativeTarget "DCTWebBrowser Bundle" */ = {
			isa = XCConfigurationList;
			buildConfigurations = (
				24008B341697783E00C8AB03 /* Debug */,
				24008B351697783E00C8AB03 /* Release */,
			);
			defaultConfigurationIsVisible = 0;
			defaultConfigurationName = Release;
		};
		24008B7116977F0700C8AB03 /* Build configuration list for PBXNativeTarget "DCTWebBrowser Demo" */ = {
			isa = XCConfigurationList;
			buildConfigurations = (
				24008B7216977F0700C8AB03 /* Debug */,
				24008B7316977F0700C8AB03 /* Release */,
			);
			defaultConfigurationIsVisible = 0;
			defaultConfigurationName = Release;
		};
		246E131719A9427500780D49 /* Build configuration list for PBXNativeTarget "DCTWebBrowser iOS" */ = {
			isa = XCConfigurationList;
			buildConfigurations = (
				246E131819A9427500780D49 /* Debug */,
				246E131919A9427500780D49 /* Release */,
			);
			defaultConfigurationIsVisible = 0;
			defaultConfigurationName = Release;
		};
/* End XCConfigurationList section */
	};
	rootObject = 24008B0A169775EA00C8AB03 /* Project object */;
}
