// !$*UTF8*$!
{
	archiveVersion = 1;
	classes = {
	};
	objectVersion = 46;
	objects = {

/* Begin PBXBuildFile section */
		24008B17169775EA00C8AB03 /* Foundation.framework in Frameworks */ = {isa = PBXBuildFile; fileRef = 24008B16169775EA00C8AB03 /* Foundation.framework */; };
		24008B1E169775EA00C8AB03 /* DCTWebBrowser.m in Sources */ = {isa = PBXBuildFile; fileRef = 24008B1D169775EA00C8AB03 /* DCTWebBrowser.m */; };
		24008B3A169778E600C8AB03 /* DCTWebBrowser_iPhone.xib in Resources */ = {isa = PBXBuildFile; fileRef = 24008B39169778E600C8AB03 /* DCTWebBrowser_iPhone.xib */; };
		24008B3C1697791200C8AB03 /* UIKit.framework in Frameworks */ = {isa = PBXBuildFile; fileRef = 24008B3B1697791200C8AB03 /* UIKit.framework */; };
		24008B4D16977BF100C8AB03 /* UIButtonBarArrowLeft.png in Resources */ = {isa = PBXBuildFile; fileRef = 24008B4516977BF100C8AB03 /* UIButtonBarArrowLeft.png */; };
		24008B4E16977BF100C8AB03 /* UIButtonBarArrowLeft@2x.png in Resources */ = {isa = PBXBuildFile; fileRef = 24008B4616977BF100C8AB03 /* UIButtonBarArrowLeft@2x.png */; };
		24008B4F16977BF100C8AB03 /* UIButtonBarArrowLeftLandscape.png in Resources */ = {isa = PBXBuildFile; fileRef = 24008B4716977BF100C8AB03 /* UIButtonBarArrowLeftLandscape.png */; };
		24008B5016977BF100C8AB03 /* UIButtonBarArrowLeftLandscape@2x.png in Resources */ = {isa = PBXBuildFile; fileRef = 24008B4816977BF100C8AB03 /* UIButtonBarArrowLeftLandscape@2x.png */; };
		24008B5116977BF100C8AB03 /* UIButtonBarArrowRight.png in Resources */ = {isa = PBXBuildFile; fileRef = 24008B4916977BF100C8AB03 /* UIButtonBarArrowRight.png */; };
		24008B5216977BF100C8AB03 /* UIButtonBarArrowRight@2x.png in Resources */ = {isa = PBXBuildFile; fileRef = 24008B4A16977BF100C8AB03 /* UIButtonBarArrowRight@2x.png */; };
		24008B5316977BF100C8AB03 /* UIButtonBarArrowRightLandscape.png in Resources */ = {isa = PBXBuildFile; fileRef = 24008B4B16977BF100C8AB03 /* UIButtonBarArrowRightLandscape.png */; };
		24008B5416977BF100C8AB03 /* UIButtonBarArrowRightLandscape@2x.png in Resources */ = {isa = PBXBuildFile; fileRef = 24008B4C16977BF100C8AB03 /* UIButtonBarArrowRightLandscape@2x.png */; };
		24008B5B16977F0700C8AB03 /* UIKit.framework in Frameworks */ = {isa = PBXBuildFile; fileRef = 24008B3B1697791200C8AB03 /* UIKit.framework */; };
		24008B5C16977F0700C8AB03 /* Foundation.framework in Frameworks */ = {isa = PBXBuildFile; fileRef = 24008B16169775EA00C8AB03 /* Foundation.framework */; };
		24008B5E16977F0700C8AB03 /* CoreGraphics.framework in Frameworks */ = {isa = PBXBuildFile; fileRef = 24008B5D16977F0700C8AB03 /* CoreGraphics.framework */; };
		24008B6416977F0700C8AB03 /* InfoPlist.strings in Resources */ = {isa = PBXBuildFile; fileRef = 24008B6216977F0700C8AB03 /* InfoPlist.strings */; };
		24008B6616977F0700C8AB03 /* main.m in Sources */ = {isa = PBXBuildFile; fileRef = 24008B6516977F0700C8AB03 /* main.m */; };
		24008B6A16977F0700C8AB03 /* AppDelegate.m in Sources */ = {isa = PBXBuildFile; fileRef = 24008B6916977F0700C8AB03 /* AppDelegate.m */; };
		24008B6C16977F0700C8AB03 /* Default.png in Resources */ = {isa = PBXBuildFile; fileRef = 24008B6B16977F0700C8AB03 /* Default.png */; };
		24008B6E16977F0700C8AB03 /* Default@2x.png in Resources */ = {isa = PBXBuildFile; fileRef = 24008B6D16977F0700C8AB03 /* Default@2x.png */; };
		24008B7016977F0700C8AB03 /* Default-568h@2x.png in Resources */ = {isa = PBXBuildFile; fileRef = 24008B6F16977F0700C8AB03 /* Default-568h@2x.png */; };
		24008B7416977F1500C8AB03 /* libDCTWebBrowser.a in Frameworks */ = {isa = PBXBuildFile; fileRef = 24008B13169775EA00C8AB03 /* libDCTWebBrowser.a */; };
		24008BC81698385500C8AB03 /* EmbossedIcon@2x~ipad.png in Resources */ = {isa = PBXBuildFile; fileRef = 24008BC31698385400C8AB03 /* EmbossedIcon@2x~ipad.png */; };
		24008BC91698385500C8AB03 /* EmbossedIcon@2x~iphone.png in Resources */ = {isa = PBXBuildFile; fileRef = 24008BC41698385400C8AB03 /* EmbossedIcon@2x~iphone.png */; };
		24008BCA1698385500C8AB03 /* EmbossedIcon~ipad.png in Resources */ = {isa = PBXBuildFile; fileRef = 24008BC51698385500C8AB03 /* EmbossedIcon~ipad.png */; };
		24008BCB1698385500C8AB03 /* EmbossedIcon~iphone.png in Resources */ = {isa = PBXBuildFile; fileRef = 24008BC61698385500C8AB03 /* EmbossedIcon~iphone.png */; };
		24008BCC1698385500C8AB03 /* StandardError.html in Resources */ = {isa = PBXBuildFile; fileRef = 24008BC71698385500C8AB03 /* StandardError.html */; };
		24487996169B2390004AC9A1 /* DCTWebBrowser_iPad.xib in Resources */ = {isa = PBXBuildFile; fileRef = 24487995169B2390004AC9A1 /* DCTWebBrowser_iPad.xib */; };
		249C35BE169B20DD005DF695 /* DCTWebBrowser.h in CopyFiles */ = {isa = PBXBuildFile; fileRef = 24008B1B169775EA00C8AB03 /* DCTWebBrowser.h */; };
		24B890E716987C1E00EF0D20 /* _DCTWebBrowserActivityController.m in Sources */ = {isa = PBXBuildFile; fileRef = 24B890E616987C1E00EF0D20 /* _DCTWebBrowserActivityController.m */; };
		24E256C3169B2232001DC894 /* DCTWebBrowser.bundle in Resources */ = {isa = PBXBuildFile; fileRef = 24008B291697783E00C8AB03 /* DCTWebBrowser.bundle */; };
/* End PBXBuildFile section */

/* Begin PBXContainerItemProxy section */
		24008B36169778A100C8AB03 /* PBXContainerItemProxy */ = {
			isa = PBXContainerItemProxy;
			containerPortal = 24008B0A169775EA00C8AB03 /* Project object */;
			proxyType = 1;
			remoteGlobalIDString = 24008B281697783E00C8AB03;
			remoteInfo = DCTWebViewControllerBundle;
		};
/* End PBXContainerItemProxy section */

/* Begin PBXCopyFilesBuildPhase section */
		24008B11169775EA00C8AB03 /* CopyFiles */ = {
			isa = PBXCopyFilesBuildPhase;
			buildActionMask = 2147483647;
			dstPath = "include/${PRODUCT_NAME}";
			dstSubfolderSpec = 16;
			files = (
				249C35BE169B20DD005DF695 /* DCTWebBrowser.h in CopyFiles */,
			);
			runOnlyForDeploymentPostprocessing = 0;
		};
/* End PBXCopyFilesBuildPhase section */

/* Begin PBXFileReference section */
		24008B13169775EA00C8AB03 /* libDCTWebBrowser.a */ = {isa = PBXFileReference; explicitFileType = archive.ar; includeInIndex = 0; path = libDCTWebBrowser.a; sourceTree = BUILT_PRODUCTS_DIR; };
		24008B16169775EA00C8AB03 /* Foundation.framework */ = {isa = PBXFileReference; lastKnownFileType = wrapper.framework; name = Foundation.framework; path = System/Library/Frameworks/Foundation.framework; sourceTree = SDKROOT; };
		24008B1B169775EA00C8AB03 /* DCTWebBrowser.h */ = {isa = PBXFileReference; lastKnownFileType = sourcecode.c.h; path = DCTWebBrowser.h; sourceTree = "<group>"; };
		24008B1D169775EA00C8AB03 /* DCTWebBrowser.m */ = {isa = PBXFileReference; lastKnownFileType = sourcecode.c.objc; path = DCTWebBrowser.m; sourceTree = "<group>"; };
		24008B291697783E00C8AB03 /* DCTWebBrowser.bundle */ = {isa = PBXFileReference; explicitFileType = wrapper.cfbundle; includeInIndex = 0; path = DCTWebBrowser.bundle; sourceTree = BUILT_PRODUCTS_DIR; };
		24008B2E1697783E00C8AB03 /* DCTWebBrowserBundle-Info.plist */ = {isa = PBXFileReference; lastKnownFileType = text.plist.xml; path = "DCTWebBrowserBundle-Info.plist"; sourceTree = "<group>"; };
		24008B39169778E600C8AB03 /* DCTWebBrowser_iPhone.xib */ = {isa = PBXFileReference; fileEncoding = 4; lastKnownFileType = file.xib; path = DCTWebBrowser_iPhone.xib; sourceTree = "<group>"; };
		24008B3B1697791200C8AB03 /* UIKit.framework */ = {isa = PBXFileReference; lastKnownFileType = wrapper.framework; name = UIKit.framework; path = System/Library/Frameworks/UIKit.framework; sourceTree = SDKROOT; };
		24008B4516977BF100C8AB03 /* UIButtonBarArrowLeft.png */ = {isa = PBXFileReference; lastKnownFileType = image.png; path = UIButtonBarArrowLeft.png; sourceTree = "<group>"; };
		24008B4616977BF100C8AB03 /* UIButtonBarArrowLeft@2x.png */ = {isa = PBXFileReference; lastKnownFileType = image.png; path = "UIButtonBarArrowLeft@2x.png"; sourceTree = "<group>"; };
		24008B4716977BF100C8AB03 /* UIButtonBarArrowLeftLandscape.png */ = {isa = PBXFileReference; lastKnownFileType = image.png; path = UIButtonBarArrowLeftLandscape.png; sourceTree = "<group>"; };
		24008B4816977BF100C8AB03 /* UIButtonBarArrowLeftLandscape@2x.png */ = {isa = PBXFileReference; lastKnownFileType = image.png; path = "UIButtonBarArrowLeftLandscape@2x.png"; sourceTree = "<group>"; };
		24008B4916977BF100C8AB03 /* UIButtonBarArrowRight.png */ = {isa = PBXFileReference; lastKnownFileType = image.png; path = UIButtonBarArrowRight.png; sourceTree = "<group>"; };
		24008B4A16977BF100C8AB03 /* UIButtonBarArrowRight@2x.png */ = {isa = PBXFileReference; lastKnownFileType = image.png; path = "UIButtonBarArrowRight@2x.png"; sourceTree = "<group>"; };
		24008B4B16977BF100C8AB03 /* UIButtonBarArrowRightLandscape.png */ = {isa = PBXFileReference; lastKnownFileType = image.png; path = UIButtonBarArrowRightLandscape.png; sourceTree = "<group>"; };
		24008B4C16977BF100C8AB03 /* UIButtonBarArrowRightLandscape@2x.png */ = {isa = PBXFileReference; lastKnownFileType = image.png; path = "UIButtonBarArrowRightLandscape@2x.png"; sourceTree = "<group>"; };
		24008B5916977F0700C8AB03 /* DCTWebBrowser.app */ = {isa = PBXFileReference; explicitFileType = wrapper.application; includeInIndex = 0; path = DCTWebBrowser.app; sourceTree = BUILT_PRODUCTS_DIR; };
		24008B5D16977F0700C8AB03 /* CoreGraphics.framework */ = {isa = PBXFileReference; lastKnownFileType = wrapper.framework; name = CoreGraphics.framework; path = System/Library/Frameworks/CoreGraphics.framework; sourceTree = SDKROOT; };
		24008B6116977F0700C8AB03 /* DCTWebBrowserDemo-Info.plist */ = {isa = PBXFileReference; lastKnownFileType = text.plist.xml; path = "DCTWebBrowserDemo-Info.plist"; sourceTree = "<group>"; };
		24008B6316977F0700C8AB03 /* en */ = {isa = PBXFileReference; lastKnownFileType = text.plist.strings; name = en; path = en.lproj/InfoPlist.strings; sourceTree = "<group>"; };
		24008B6516977F0700C8AB03 /* main.m */ = {isa = PBXFileReference; lastKnownFileType = sourcecode.c.objc; path = main.m; sourceTree = "<group>"; };
		24008B6716977F0700C8AB03 /* DCTWebBrowserDemo-Prefix.pch */ = {isa = PBXFileReference; lastKnownFileType = sourcecode.c.h; path = "DCTWebBrowserDemo-Prefix.pch"; sourceTree = "<group>"; };
		24008B6816977F0700C8AB03 /* AppDelegate.h */ = {isa = PBXFileReference; lastKnownFileType = sourcecode.c.h; path = AppDelegate.h; sourceTree = "<group>"; };
		24008B6916977F0700C8AB03 /* AppDelegate.m */ = {isa = PBXFileReference; lastKnownFileType = sourcecode.c.objc; path = AppDelegate.m; sourceTree = "<group>"; };
		24008B6B16977F0700C8AB03 /* Default.png */ = {isa = PBXFileReference; lastKnownFileType = image.png; path = Default.png; sourceTree = "<group>"; };
		24008B6D16977F0700C8AB03 /* Default@2x.png */ = {isa = PBXFileReference; lastKnownFileType = image.png; path = "Default@2x.png"; sourceTree = "<group>"; };
		24008B6F16977F0700C8AB03 /* Default-568h@2x.png */ = {isa = PBXFileReference; lastKnownFileType = image.png; path = "Default-568h@2x.png"; sourceTree = "<group>"; };
		24008BC31698385400C8AB03 /* EmbossedIcon@2x~ipad.png */ = {isa = PBXFileReference; lastKnownFileType = image.png; path = "EmbossedIcon@2x~ipad.png"; sourceTree = "<group>"; };
		24008BC41698385400C8AB03 /* EmbossedIcon@2x~iphone.png */ = {isa = PBXFileReference; lastKnownFileType = image.png; path = "EmbossedIcon@2x~iphone.png"; sourceTree = "<group>"; };
		24008BC51698385500C8AB03 /* EmbossedIcon~ipad.png */ = {isa = PBXFileReference; lastKnownFileType = image.png; path = "EmbossedIcon~ipad.png"; sourceTree = "<group>"; };
		24008BC61698385500C8AB03 /* EmbossedIcon~iphone.png */ = {isa = PBXFileReference; lastKnownFileType = image.png; path = "EmbossedIcon~iphone.png"; sourceTree = "<group>"; };
		24008BC71698385500C8AB03 /* StandardError.html */ = {isa = PBXFileReference; fileEncoding = 4; lastKnownFileType = text.html; path = StandardError.html; sourceTree = "<group>"; };
		24487995169B2390004AC9A1 /* DCTWebBrowser_iPad.xib */ = {isa = PBXFileReference; fileEncoding = 4; lastKnownFileType = file.xib; path = DCTWebBrowser_iPad.xib; sourceTree = "<group>"; };
		24B890E516987C1E00EF0D20 /* _DCTWebBrowserActivityController.h */ = {isa = PBXFileReference; fileEncoding = 4; lastKnownFileType = sourcecode.c.h; path = _DCTWebBrowserActivityController.h; sourceTree = "<group>"; };
		24B890E616987C1E00EF0D20 /* _DCTWebBrowserActivityController.m */ = {isa = PBXFileReference; fileEncoding = 4; lastKnownFileType = sourcecode.c.objc; path = _DCTWebBrowserActivityController.m; sourceTree = "<group>"; };
/* End PBXFileReference section */

/* Begin PBXFrameworksBuildPhase section */
		24008B10169775EA00C8AB03 /* Frameworks */ = {
			isa = PBXFrameworksBuildPhase;
			buildActionMask = 2147483647;
			files = (
				24008B3C1697791200C8AB03 /* UIKit.framework in Frameworks */,
				24008B17169775EA00C8AB03 /* Foundation.framework in Frameworks */,
			);
			runOnlyForDeploymentPostprocessing = 0;
		};
		24008B261697783E00C8AB03 /* Frameworks */ = {
			isa = PBXFrameworksBuildPhase;
			buildActionMask = 2147483647;
			files = (
			);
			runOnlyForDeploymentPostprocessing = 0;
		};
		24008B5616977F0700C8AB03 /* Frameworks */ = {
			isa = PBXFrameworksBuildPhase;
			buildActionMask = 2147483647;
			files = (
				24008B7416977F1500C8AB03 /* libDCTWebBrowser.a in Frameworks */,
				24008B5B16977F0700C8AB03 /* UIKit.framework in Frameworks */,
				24008B5C16977F0700C8AB03 /* Foundation.framework in Frameworks */,
				24008B5E16977F0700C8AB03 /* CoreGraphics.framework in Frameworks */,
			);
			runOnlyForDeploymentPostprocessing = 0;
		};
/* End PBXFrameworksBuildPhase section */

/* Begin PBXGroup section */
		24008B08169775EA00C8AB03 = {
			isa = PBXGroup;
			children = (
				24008B18169775EA00C8AB03 /* DCTWebBrowser */,
				24008B2C1697783E00C8AB03 /* DCTWebBrowserBundle */,
				24008B5F16977F0700C8AB03 /* DCTWebBrowserDemo */,
				24008B15169775EA00C8AB03 /* Frameworks */,
				24008B14169775EA00C8AB03 /* Products */,
			);
			sourceTree = "<group>";
		};
		24008B14169775EA00C8AB03 /* Products */ = {
			isa = PBXGroup;
			children = (
				24008B13169775EA00C8AB03 /* libDCTWebBrowser.a */,
				24008B291697783E00C8AB03 /* DCTWebBrowser.bundle */,
				24008B5916977F0700C8AB03 /* DCTWebBrowser.app */,
			);
			name = Products;
			sourceTree = "<group>";
		};
		24008B15169775EA00C8AB03 /* Frameworks */ = {
			isa = PBXGroup;
			children = (
				24008B3B1697791200C8AB03 /* UIKit.framework */,
				24008B16169775EA00C8AB03 /* Foundation.framework */,
				24008B5D16977F0700C8AB03 /* CoreGraphics.framework */,
			);
			name = Frameworks;
			sourceTree = "<group>";
		};
		24008B18169775EA00C8AB03 /* DCTWebBrowser */ = {
			isa = PBXGroup;
			children = (
				24008B1B169775EA00C8AB03 /* DCTWebBrowser.h */,
				24008B1D169775EA00C8AB03 /* DCTWebBrowser.m */,
				24B890E516987C1E00EF0D20 /* _DCTWebBrowserActivityController.h */,
				24B890E616987C1E00EF0D20 /* _DCTWebBrowserActivityController.m */,
			);
			path = DCTWebBrowser;
			sourceTree = "<group>";
		};
		24008B2C1697783E00C8AB03 /* DCTWebBrowserBundle */ = {
			isa = PBXGroup;
			children = (
				24008BC31698385400C8AB03 /* EmbossedIcon@2x~ipad.png */,
				24008BC41698385400C8AB03 /* EmbossedIcon@2x~iphone.png */,
				24008BC51698385500C8AB03 /* EmbossedIcon~ipad.png */,
				24008BC61698385500C8AB03 /* EmbossedIcon~iphone.png */,
				24008BC71698385500C8AB03 /* StandardError.html */,
				24008B4516977BF100C8AB03 /* UIButtonBarArrowLeft.png */,
				24008B4616977BF100C8AB03 /* UIButtonBarArrowLeft@2x.png */,
				24008B4716977BF100C8AB03 /* UIButtonBarArrowLeftLandscape.png */,
				24008B4816977BF100C8AB03 /* UIButtonBarArrowLeftLandscape@2x.png */,
				24008B4916977BF100C8AB03 /* UIButtonBarArrowRight.png */,
				24008B4A16977BF100C8AB03 /* UIButtonBarArrowRight@2x.png */,
				24008B4B16977BF100C8AB03 /* UIButtonBarArrowRightLandscape.png */,
				24008B4C16977BF100C8AB03 /* UIButtonBarArrowRightLandscape@2x.png */,
				24008B39169778E600C8AB03 /* DCTWebBrowser_iPhone.xib */,
				24487995169B2390004AC9A1 /* DCTWebBrowser_iPad.xib */,
				24008B2E1697783E00C8AB03 /* DCTWebBrowserBundle-Info.plist */,
			);
			path = DCTWebBrowserBundle;
			sourceTree = "<group>";
		};
		24008B5F16977F0700C8AB03 /* DCTWebBrowserDemo */ = {
			isa = PBXGroup;
			children = (
				24008B6816977F0700C8AB03 /* AppDelegate.h */,
				24008B6916977F0700C8AB03 /* AppDelegate.m */,
				24008B6016977F0700C8AB03 /* Supporting Files */,
			);
			path = DCTWebBrowserDemo;
			sourceTree = "<group>";
		};
		24008B6016977F0700C8AB03 /* Supporting Files */ = {
			isa = PBXGroup;
			children = (
				24008B6116977F0700C8AB03 /* DCTWebBrowserDemo-Info.plist */,
				24008B6216977F0700C8AB03 /* InfoPlist.strings */,
				24008B6516977F0700C8AB03 /* main.m */,
				24008B6716977F0700C8AB03 /* DCTWebBrowserDemo-Prefix.pch */,
				24008B6B16977F0700C8AB03 /* Default.png */,
				24008B6D16977F0700C8AB03 /* Default@2x.png */,
				24008B6F16977F0700C8AB03 /* Default-568h@2x.png */,
			);
			name = "Supporting Files";
			sourceTree = "<group>";
		};
/* End PBXGroup section */

/* Begin PBXNativeTarget section */
		24008B12169775EA00C8AB03 /* DCTWebBrowser */ = {
			isa = PBXNativeTarget;
			buildConfigurationList = 24008B21169775EA00C8AB03 /* Build configuration list for PBXNativeTarget "DCTWebBrowser" */;
			buildPhases = (
				24008B0F169775EA00C8AB03 /* Sources */,
				24008B10169775EA00C8AB03 /* Frameworks */,
				24008B11169775EA00C8AB03 /* CopyFiles */,
			);
			buildRules = (
			);
			dependencies = (
				24008B37169778A100C8AB03 /* PBXTargetDependency */,
			);
			name = DCTWebBrowser;
			productName = DCTWebViewController;
			productReference = 24008B13169775EA00C8AB03 /* libDCTWebBrowser.a */;
			productType = "com.apple.product-type.library.static";
		};
		24008B281697783E00C8AB03 /* DCTWebBrowserBundle */ = {
			isa = PBXNativeTarget;
			buildConfigurationList = 24008B331697783E00C8AB03 /* Build configuration list for PBXNativeTarget "DCTWebBrowserBundle" */;
			buildPhases = (
				24008B251697783E00C8AB03 /* Sources */,
				24008B261697783E00C8AB03 /* Frameworks */,
				24008B271697783E00C8AB03 /* Resources */,
			);
			buildRules = (
			);
			dependencies = (
			);
			name = DCTWebBrowserBundle;
			productName = DCTWebViewControllerBundle;
			productReference = 24008B291697783E00C8AB03 /* DCTWebBrowser.bundle */;
			productType = "com.apple.product-type.bundle";
		};
		24008B5816977F0700C8AB03 /* DCTWebBrowserDemo */ = {
			isa = PBXNativeTarget;
			buildConfigurationList = 24008B7116977F0700C8AB03 /* Build configuration list for PBXNativeTarget "DCTWebBrowserDemo" */;
			buildPhases = (
				24008B5516977F0700C8AB03 /* Sources */,
				24008B5616977F0700C8AB03 /* Frameworks */,
				24008B5716977F0700C8AB03 /* Resources */,
			);
			buildRules = (
			);
			dependencies = (
			);
			name = DCTWebBrowserDemo;
			productName = DCTWebViewControllerDemo;
			productReference = 24008B5916977F0700C8AB03 /* DCTWebBrowser.app */;
			productType = "com.apple.product-type.application";
		};
/* End PBXNativeTarget section */

/* Begin PBXProject section */
		24008B0A169775EA00C8AB03 /* Project object */ = {
			isa = PBXProject;
			attributes = {
				LastUpgradeCheck = 0450;
				ORGANIZATIONNAME = "Daniel Tull";
			};
			buildConfigurationList = 24008B0D169775EA00C8AB03 /* Build configuration list for PBXProject "DCTWebBrowser" */;
			compatibilityVersion = "Xcode 3.2";
			developmentRegion = English;
			hasScannedForEncodings = 0;
			knownRegions = (
				en,
			);
			mainGroup = 24008B08169775EA00C8AB03;
			productRefGroup = 24008B14169775EA00C8AB03 /* Products */;
			projectDirPath = "";
			projectRoot = "";
			targets = (
				24008B12169775EA00C8AB03 /* DCTWebBrowser */,
				24008B281697783E00C8AB03 /* DCTWebBrowserBundle */,
				24008B5816977F0700C8AB03 /* DCTWebBrowserDemo */,
			);
		};
/* End PBXProject section */

/* Begin PBXResourcesBuildPhase section */
		24008B271697783E00C8AB03 /* Resources */ = {
			isa = PBXResourcesBuildPhase;
			buildActionMask = 2147483647;
			files = (
				24008B3A169778E600C8AB03 /* DCTWebBrowser_iPhone.xib in Resources */,
				24008B4D16977BF100C8AB03 /* UIButtonBarArrowLeft.png in Resources */,
				24008B4E16977BF100C8AB03 /* UIButtonBarArrowLeft@2x.png in Resources */,
				24008B4F16977BF100C8AB03 /* UIButtonBarArrowLeftLandscape.png in Resources */,
				24008B5016977BF100C8AB03 /* UIButtonBarArrowLeftLandscape@2x.png in Resources */,
				24008B5116977BF100C8AB03 /* UIButtonBarArrowRight.png in Resources */,
				24008B5216977BF100C8AB03 /* UIButtonBarArrowRight@2x.png in Resources */,
				24008B5316977BF100C8AB03 /* UIButtonBarArrowRightLandscape.png in Resources */,
				24008B5416977BF100C8AB03 /* UIButtonBarArrowRightLandscape@2x.png in Resources */,
				24008BC81698385500C8AB03 /* EmbossedIcon@2x~ipad.png in Resources */,
				24008BC91698385500C8AB03 /* EmbossedIcon@2x~iphone.png in Resources */,
				24008BCA1698385500C8AB03 /* EmbossedIcon~ipad.png in Resources */,
				24008BCB1698385500C8AB03 /* EmbossedIcon~iphone.png in Resources */,
				24008BCC1698385500C8AB03 /* StandardError.html in Resources */,
				24487996169B2390004AC9A1 /* DCTWebBrowser_iPad.xib in Resources */,
			);
			runOnlyForDeploymentPostprocessing = 0;
		};
		24008B5716977F0700C8AB03 /* Resources */ = {
			isa = PBXResourcesBuildPhase;
			buildActionMask = 2147483647;
			files = (
				24008B6416977F0700C8AB03 /* InfoPlist.strings in Resources */,
				24008B6C16977F0700C8AB03 /* Default.png in Resources */,
				24008B6E16977F0700C8AB03 /* Default@2x.png in Resources */,
				24008B7016977F0700C8AB03 /* Default-568h@2x.png in Resources */,
				24E256C3169B2232001DC894 /* DCTWebBrowser.bundle in Resources */,
			);
			runOnlyForDeploymentPostprocessing = 0;
		};
/* End PBXResourcesBuildPhase section */

/* Begin PBXSourcesBuildPhase section */
		24008B0F169775EA00C8AB03 /* Sources */ = {
			isa = PBXSourcesBuildPhase;
			buildActionMask = 2147483647;
			files = (
				24008B1E169775EA00C8AB03 /* DCTWebBrowser.m in Sources */,
				24B890E716987C1E00EF0D20 /* _DCTWebBrowserActivityController.m in Sources */,
			);
			runOnlyForDeploymentPostprocessing = 0;
		};
		24008B251697783E00C8AB03 /* Sources */ = {
			isa = PBXSourcesBuildPhase;
			buildActionMask = 2147483647;
			files = (
			);
			runOnlyForDeploymentPostprocessing = 0;
		};
		24008B5516977F0700C8AB03 /* Sources */ = {
			isa = PBXSourcesBuildPhase;
			buildActionMask = 2147483647;
			files = (
				24008B6616977F0700C8AB03 /* main.m in Sources */,
				24008B6A16977F0700C8AB03 /* AppDelegate.m in Sources */,
			);
			runOnlyForDeploymentPostprocessing = 0;
		};
/* End PBXSourcesBuildPhase section */

/* Begin PBXTargetDependency section */
		24008B37169778A100C8AB03 /* PBXTargetDependency */ = {
			isa = PBXTargetDependency;
			target = 24008B281697783E00C8AB03 /* DCTWebBrowserBundle */;
			targetProxy = 24008B36169778A100C8AB03 /* PBXContainerItemProxy */;
		};
/* End PBXTargetDependency section */

/* Begin PBXVariantGroup section */
		24008B6216977F0700C8AB03 /* InfoPlist.strings */ = {
			isa = PBXVariantGroup;
			children = (
				24008B6316977F0700C8AB03 /* en */,
			);
			name = InfoPlist.strings;
			sourceTree = "<group>";
		};
/* End PBXVariantGroup section */

/* Begin XCBuildConfiguration section */
		24008B1F169775EA00C8AB03 /* Debug */ = {
			isa = XCBuildConfiguration;
			buildSettings = {
				ALWAYS_SEARCH_USER_PATHS = NO;
				CLANG_CXX_LANGUAGE_STANDARD = "gnu++0x";
				CLANG_CXX_LIBRARY = "libc++";
				CLANG_ENABLE_OBJC_ARC = YES;
				CLANG_WARN_EMPTY_BODY = YES;
				CLANG_WARN__DUPLICATE_METHOD_MATCH = YES;
				COPY_PHASE_STRIP = NO;
				GCC_C_LANGUAGE_STANDARD = gnu99;
				GCC_DYNAMIC_NO_PIC = NO;
				GCC_OPTIMIZATION_LEVEL = 0;
				GCC_PREPROCESSOR_DEFINITIONS = (
					"DEBUG=1",
					"$(inherited)",
				);
				GCC_SYMBOLS_PRIVATE_EXTERN = NO;
				GCC_WARN_ABOUT_RETURN_TYPE = YES;
				GCC_WARN_UNINITIALIZED_AUTOS = YES;
				GCC_WARN_UNUSED_VARIABLE = YES;
				IPHONEOS_DEPLOYMENT_TARGET = 6.0;
				ONLY_ACTIVE_ARCH = YES;
				SDKROOT = iphoneos;
			};
			name = Debug;
		};
		24008B20169775EA00C8AB03 /* Release */ = {
			isa = XCBuildConfiguration;
			buildSettings = {
				ALWAYS_SEARCH_USER_PATHS = NO;
				CLANG_CXX_LANGUAGE_STANDARD = "gnu++0x";
				CLANG_CXX_LIBRARY = "libc++";
				CLANG_ENABLE_OBJC_ARC = YES;
				CLANG_WARN_EMPTY_BODY = YES;
				CLANG_WARN__DUPLICATE_METHOD_MATCH = YES;
				COPY_PHASE_STRIP = YES;
				GCC_C_LANGUAGE_STANDARD = gnu99;
				GCC_WARN_ABOUT_RETURN_TYPE = YES;
				GCC_WARN_UNINITIALIZED_AUTOS = YES;
				GCC_WARN_UNUSED_VARIABLE = YES;
				IPHONEOS_DEPLOYMENT_TARGET = 6.0;
				SDKROOT = iphoneos;
				VALIDATE_PRODUCT = YES;
			};
			name = Release;
		};
		24008B22169775EA00C8AB03 /* Debug */ = {
			isa = XCBuildConfiguration;
			buildSettings = {
				DSTROOT = /tmp/DCTWebBrowser.dst;
				GCC_PRECOMPILE_PREFIX_HEADER = YES;
				OTHER_LDFLAGS = "-ObjC";
				PRODUCT_NAME = DCTWebBrowser;
				SKIP_INSTALL = YES;
			};
			name = Debug;
		};
		24008B23169775EA00C8AB03 /* Release */ = {
			isa = XCBuildConfiguration;
			buildSettings = {
				DSTROOT = /tmp/DCTWebBrowser.dst;
				GCC_PRECOMPILE_PREFIX_HEADER = YES;
				OTHER_LDFLAGS = "-ObjC";
				PRODUCT_NAME = DCTWebBrowser;
				SKIP_INSTALL = YES;
			};
			name = Release;
		};
		24008B341697783E00C8AB03 /* Debug */ = {
			isa = XCBuildConfiguration;
			buildSettings = {
				ARCHS = "$(ARCHS_STANDARD_32_BIT)";
				GCC_ENABLE_OBJC_EXCEPTIONS = YES;
				GCC_PRECOMPILE_PREFIX_HEADER = YES;
				GCC_WARN_64_TO_32_BIT_CONVERSION = YES;
				INFOPLIST_FILE = "DCTWebBrowserBundle/DCTWebBrowserBundle-Info.plist";
				PRODUCT_NAME = DCTWebBrowser;
				SDKROOT = iphoneos;
				WRAPPER_EXTENSION = bundle;
			};
			name = Debug;
		};
		24008B351697783E00C8AB03 /* Release */ = {
			isa = XCBuildConfiguration;
			buildSettings = {
				ARCHS = "$(ARCHS_STANDARD_32_BIT)";
				DEBUG_INFORMATION_FORMAT = "dwarf-with-dsym";
				GCC_ENABLE_OBJC_EXCEPTIONS = YES;
				GCC_PRECOMPILE_PREFIX_HEADER = YES;
				GCC_WARN_64_TO_32_BIT_CONVERSION = YES;
				INFOPLIST_FILE = "DCTWebBrowserBundle/DCTWebBrowserBundle-Info.plist";
				PRODUCT_NAME = DCTWebBrowser;
				SDKROOT = iphoneos;
				WRAPPER_EXTENSION = bundle;
			};
			name = Release;
		};
		24008B7216977F0700C8AB03 /* Debug */ = {
			isa = XCBuildConfiguration;
			buildSettings = {
				"CODE_SIGN_IDENTITY[sdk=iphoneos*]" = "iPhone Developer";
				GCC_PRECOMPILE_PREFIX_HEADER = YES;
				GCC_PREFIX_HEADER = "DCTWebBrowserDemo/DCTWebBrowserDemo-Prefix.pch";
				INFOPLIST_FILE = "DCTWebBrowserDemo/DCTWebBrowserDemo-Info.plist";
				PRODUCT_NAME = DCTWebBrowser;
				TARGETED_DEVICE_FAMILY = "1,2";
				WRAPPER_EXTENSION = app;
			};
			name = Debug;
		};
		24008B7316977F0700C8AB03 /* Release */ = {
			isa = XCBuildConfiguration;
			buildSettings = {
				"CODE_SIGN_IDENTITY[sdk=iphoneos*]" = "iPhone Developer";
				GCC_PRECOMPILE_PREFIX_HEADER = YES;
				GCC_PREFIX_HEADER = "DCTWebBrowserDemo/DCTWebBrowserDemo-Prefix.pch";
				INFOPLIST_FILE = "DCTWebBrowserDemo/DCTWebBrowserDemo-Info.plist";
				OTHER_CFLAGS = "-DNS_BLOCK_ASSERTIONS=1";
				PRODUCT_NAME = DCTWebBrowser;
				TARGETED_DEVICE_FAMILY = "1,2";
				WRAPPER_EXTENSION = app;
			};
			name = Release;
		};
/* End XCBuildConfiguration section */

/* Begin XCConfigurationList section */
		24008B0D169775EA00C8AB03 /* Build configuration list for PBXProject "DCTWebBrowser" */ = {
			isa = XCConfigurationList;
			buildConfigurations = (
				24008B1F169775EA00C8AB03 /* Debug */,
				24008B20169775EA00C8AB03 /* Release */,
			);
			defaultConfigurationIsVisible = 0;
			defaultConfigurationName = Release;
		};
		24008B21169775EA00C8AB03 /* Build configuration list for PBXNativeTarget "DCTWebBrowser" */ = {
			isa = XCConfigurationList;
			buildConfigurations = (
				24008B22169775EA00C8AB03 /* Debug */,
				24008B23169775EA00C8AB03 /* Release */,
			);
			defaultConfigurationIsVisible = 0;
			defaultConfigurationName = Release;
		};
		24008B331697783E00C8AB03 /* Build configuration list for PBXNativeTarget "DCTWebBrowserBundle" */ = {
			isa = XCConfigurationList;
			buildConfigurations = (
				24008B341697783E00C8AB03 /* Debug */,
				24008B351697783E00C8AB03 /* Release */,
			);
			defaultConfigurationIsVisible = 0;
			defaultConfigurationName = Release;
		};
		24008B7116977F0700C8AB03 /* Build configuration list for PBXNativeTarget "DCTWebBrowserDemo" */ = {
			isa = XCConfigurationList;
			buildConfigurations = (
				24008B7216977F0700C8AB03 /* Debug */,
				24008B7316977F0700C8AB03 /* Release */,
			);
			defaultConfigurationIsVisible = 0;
			defaultConfigurationName = Release;
		};
/* End XCConfigurationList section */
	};
	rootObject = 24008B0A169775EA00C8AB03 /* Project object */;
}
